{
  "lockfileVersion": 1,
  "configVersion": 1,
  "workspaces": {
    "": {
      "name": "vscode-imagegen",
      "dependencies": {
        "@jsquash/webp": "^1.5.0",
        "jpeg-js": "^0.4.4",
        "pngjs": "^7.0.0",
      },
      "devDependencies": {
        "@types/jpeg-js": "^0.3.7",
        "@types/node": "^22.0.0",
        "@types/pngjs": "^6.0.4",
        "@types/vscode": "^1.95.0",
        "typescript": "^5.7.0",
      },
    },
  },
  "packages": {
    "@jsquash/webp": ["@jsquash/webp@1.5.0", "", { "dependencies": { "wasm-feature-detect": "^1.2.11" } }, "sha512-KggLoj2MnRSfIqTeKe1EmbljTX2vuV7mh79k89PCL1pyqiDULcPM1L47twxXt0hkb68F70bXiL31MxsuoZtKFw=="],

    "@types/jpeg-js": ["@types/jpeg-js@0.3.7", "", { "dependencies": { "jpeg-js": "*" } }, "sha512-v3FEzt2TXOOIgvwwOqMoeEhqYqUoK4wcV/K7JbKj8CzwDE9sSuor8EZpSJKaOnuEtyO0W+Nd2uKk8MbtusYpEg=="],

    "@types/node": ["@types/node@22.19.13", "", { "dependencies": { "undici-types": "~6.21.0" } }, "sha512-akNQMv0wW5uyRpD2v2IEyRSZiR+BeGuoB6L310EgGObO44HSMNT8z1xzio28V8qOrgYaopIDNA18YgdXd+qTiw=="],

    "@types/pngjs": ["@types/pngjs@6.0.5", "", { "dependencies": { "@types/node": "*" } }, "sha512-0k5eKfrA83JOZPppLtS2C7OUtyNAl2wKNxfyYl9Q5g9lPkgBl/9hNyAu6HuEH2J4XmIv2znEpkDd0SaZVxW6iQ=="],

    "@types/vscode": ["@types/vscode@1.109.0", "", {}, "sha512-0Pf95rnwEIwDbmXGC08r0B4TQhAbsHQ5UyTIgVgoieDe4cOnf92usuR5dEczb6bTKEp7ziZH4TV1TRGPPCExtw=="],

    "jpeg-js": ["jpeg-js@0.4.4", "", {}, "sha512-WZzeDOEtTOBK4Mdsar0IqEU5sMr3vSV2RqkAIzUEV2BHnUfKGyswWFPFwK5EeDo93K3FohSHbLAjj0s1Wzd+dg=="],

    "pngjs": ["pngjs@7.0.0", "", {}, "sha512-LKWqWJRhstyYo9pGvgor/ivk2w94eSjE3RGVuzLGlr3NmD8bf7RcYGze1mNdEHRP6TRP6rMuDHk5t44hnTRyow=="],

    "typescript": ["typescript@5.9.3", "", { "bin": { "tsc": "bin/tsc", "tsserver": "bin/tsserver" } }, "sha512-jl1vZzPDinLr9eUt3J/t7V6FgNEw9QjvBPdysz9KfQDD41fQrC2Y4vKQdiaUpFT4bXlb1RHhLpp8wtm6M5TgSw=="],

    "undici-types": ["undici-types@6.21.0", "", {}, "sha512-iwDZqg0QAGrg9Rav5H4n0M64c3mkR59cJ6wQp+7C4nI0gsmExaedaYLNO44eT4AtBBwjbTiGPMlt2Md0T9H9JQ=="],

    "wasm-feature-detect": ["wasm-feature-detect@1.8.0", "", {}, "sha512-zksaLKM2fVlnB5jQQDqKXXwYHLQUVH9es+5TOOHwGOVJOCeRBCiPjwSg+3tN2AdTCzjgli4jijCH290kXb/zWQ=="],
  }
}
